// !$*UTF8*$!
{
	archiveVersion = 1;
	classes = {
	};
	objectVersion = 46;
	objects = {

/* Begin PBXBuildFile section */
		33358DA61C3958D4003C7D93 /* btn.wav in Resources */ = {isa = PBXBuildFile; fileRef = 33358DA51C3958D4003C7D93 /* btn.wav */; };
		33E366051C384B6A00D07983 /* AppDelegate.swift in Sources */ = {isa = PBXBuildFile; fileRef = 33E366041C384B6A00D07983 /* AppDelegate.swift */; };
		33E366071C384B6A00D07983 /* ViewController.swift in Sources */ = {isa = PBXBuildFile; fileRef = 33E366061C384B6A00D07983 /* ViewController.swift */; };
		33E3660A1C384B6A00D07983 /* Main.storyboard in Resources */ = {isa = PBXBuildFile; fileRef = 33E366081C384B6A00D07983 /* Main.storyboard */; };
		33E3660C1C384B6A00D07983 /* Assets.xcassets in Resources */ = {isa = PBXBuildFile; fileRef = 33E3660B1C384B6A00D07983 /* Assets.xcassets */; };
		33E3660F1C384B6A00D07983 /* LaunchScreen.storyboard in Resources */ = {isa = PBXBuildFile; fileRef = 33E3660D1C384B6A00D07983 /* LaunchScreen.storyboard */; };
		33E366171C3874EA00D07983 /* Minecraft.ttf in Resources */ = {isa = PBXBuildFile; fileRef = 33E366161C3874EA00D07983 /* Minecraft.ttf */; };
/* End PBXBuildFile section */

/* Begin PBXFileReference section */
		33358DA51C3958D4003C7D93 /* btn.wav */ = {isa = PBXFileReference; lastKnownFileType = audio.wav; path = btn.wav; sourceTree = "<group>"; };
		33E366011C384B6A00D07983 /* Retro-Calculator.app */ = {isa = PBXFileReference; explicitFileType = wrapper.application; includeInIndex = 0; path = "Retro-Calculator.app"; sourceTree = BUILT_PRODUCTS_DIR; };
		33E366041C384B6A00D07983 /* AppDelegate.swift */ = {isa = PBXFileReference; lastKnownFileType = sourcecode.swift; path = AppDelegate.swift; sourceTree = "<group>"; };
		33E366061C384B6A00D07983 /* ViewController.swift */ = {isa = PBXFileReference; lastKnownFileType = sourcecode.swift; path = ViewController.swift; sourceTree = "<group>"; };
		33E366091C384B6A00D07983 /* Base */ = {isa = PBXFileReference; lastKnownFileType = file.storyboard; name = Base; path = Base.lproj/Main.storyboard; sourceTree = "<group>"; };
		33E3660B1C384B6A00D07983 /* Assets.xcassets */ = {isa = PBXFileReference; lastKnownFileType = folder.assetcatalog; path = Assets.xcassets; sourceTree = "<group>"; };
		33E3660E1C384B6A00D07983 /* Base */ = {isa = PBXFileReference; lastKnownFileType = file.storyboard; name = Base; path = Base.lproj/LaunchScreen.storyboard; sourceTree = "<group>"; };
		33E366101C384B6A00D07983 /* Info.plist */ = {isa = PBXFileReference; lastKnownFileType = text.plist.xml; path = Info.plist; sourceTree = "<group>"; };
		33E366161C3874EA00D07983 /* Minecraft.ttf */ = {isa = PBXFileReference; lastKnownFileType = file; path = Minecraft.ttf; sourceTree = "<group>"; };
/* End PBXFileReference section */

/* Begin PBXFrameworksBuildPhase section */
		33E365FE1C384B6A00D07983 /* Frameworks */ = {
			isa = PBXFrameworksBuildPhase;
			buildActionMask = 2147483647;
			files = (
			);
			runOnlyForDeploymentPostprocessing = 0;
		};
/* End PBXFrameworksBuildPhase section */

/* Begin PBXGroup section */
		33E365F81C384B6A00D07983 = {
			isa = PBXGroup;
			children = (
				33E366031C384B6A00D07983 /* Retro-Calculator */,
				33E366021C384B6A00D07983 /* Products */,
			);
			sourceTree = "<group>";
		};
		33E366021C384B6A00D07983 /* Products */ = {
			isa = PBXGroup;
			children = (
				33E366011C384B6A00D07983 /* Retro-Calculator.app */,
			);
			name = Products;
			sourceTree = "<group>";
		};
		33E366031C384B6A00D07983 /* Retro-Calculator */ = {
			isa = PBXGroup;
			children = (
				33E366161C3874EA00D07983 /* Minecraft.ttf */,
				33358DA51C3958D4003C7D93 /* btn.wav */,
				33E366041C384B6A00D07983 /* AppDelegate.swift */,
				33E366061C384B6A00D07983 /* ViewController.swift */,
				33E366081C384B6A00D07983 /* Main.storyboard */,
				33E3660B1C384B6A00D07983 /* Assets.xcassets */,
				33E3660D1C384B6A00D07983 /* LaunchScreen.storyboard */,
				33E366101C384B6A00D07983 /* Info.plist */,
			);
			path = "Retro-Calculator";
			sourceTree = "<group>";
		};
/* End PBXGroup section */

/* Begin PBXNativeTarget section */
		33E366001C384B6A00D07983 /* Retro-Calculator */ = {
			isa = PBXNativeTarget;
			buildConfigurationList = 33E366131C384B6A00D07983 /* Build configuration list for PBXNativeTarget "Retro-Calculator" */;
			buildPhases = (
				33E365FD1C384B6A00D07983 /* Sources */,
				33E365FE1C384B6A00D07983 /* Frameworks */,
				33E365FF1C384B6A00D07983 /* Resources */,
			);
			buildRules = (
			);
			dependencies = (
			);
			name = "Retro-Calculator";
			productName = "Retro-Calculator";
			productReference = 33E366011C384B6A00D07983 /* Retro-Calculator.app */;
			productType = "com.apple.product-type.application";
		};
/* End PBXNativeTarget section */

/* Begin PBXProject section */
		33E365F91C384B6A00D07983 /* Project object */ = {
			isa = PBXProject;
			attributes = {
				LastSwiftUpdateCheck = 0720;
				LastUpgradeCheck = 0720;
				ORGANIZATIONNAME = "Jens Van Steen";
				TargetAttributes = {
					33E366001C384B6A00D07983 = {
						CreatedOnToolsVersion = 7.2;
					};
				};
			};
			buildConfigurationList = 33E365FC1C384B6A00D07983 /* Build configuration list for PBXProject "Retro-Calculator" */;
			compatibilityVersion = "Xcode 3.2";
			developmentRegion = English;
			hasScannedForEncodings = 0;
			knownRegions = (
				en,
				Base,
			);
			mainGroup = 33E365F81C384B6A00D07983;
			productRefGroup = 33E366021C384B6A00D07983 /* Products */;
			projectDirPath = "";
			projectRoot = "";
			targets = (
				33E366001C384B6A00D07983 /* Retro-Calculator */,
			);
		};
/* End PBXProject section */

/* Begin PBXResourcesBuildPhase section */
		33E365FF1C384B6A00D07983 /* Resources */ = {
			isa = PBXResourcesBuildPhase;
			buildActionMask = 2147483647;
			files = (
				33358DA61C3958D4003C7D93 /* btn.wav in Resources */,
				33E3660F1C384B6A00D07983 /* LaunchScreen.storyboard in Resources */,
				33E3660C1C384B6A00D07983 /* Assets.xcassets in Resources */,
				33E366171C3874EA00D07983 /* Minecraft.ttf in Resources */,
				33E3660A1C384B6A00D07983 /* Main.storyboard in Resources */,
			);
			runOnlyForDeploymentPostprocessing = 0;
		};
/* End PBXResourcesBuildPhase section */

/* Begin PBXSourcesBuildPhase section */
		33E365FD1C384B6A00D07983 /* Sources */ = {
			isa = PBXSourcesBuildPhase;
			buildActionMask = 2147483647;
			files = (
				33E366071C384B6A00D07983 /* ViewController.swift in Sources */,
				33E366051C384B6A00D07983 /* AppDelegate.swift in Sources */,
			);
			runOnlyForDeploymentPostprocessing = 0;
		};
/* End PBXSourcesBuildPhase section */

/* Begin PBXVariantGroup section */
		33E366081C384B6A00D07983 /* Main.storyboard */ = {
			isa = PBXVariantGroup;
			children = (
				33E366091C384B6A00D07983 /* Base */,
			);
			name = Main.storyboard;
			sourceTree = "<group>";
		};
		33E3660D1C384B6A00D07983 /* LaunchScreen.storyboard */ = {
			isa = PBXVariantGroup;
			children = (
				33E3660E1C384B6A00D07983 /* Base */,
			);
			name = LaunchScreen.storyboard;
			sourceTree = "<group>";
		};
/* End PBXVariantGroup section */

/* Begin XCBuildConfiguration section */
		33E366111C384B6A00D07983 /* Debug */ = {
			isa = XCBuildConfiguration;
			buildSettings = {
				ALWAYS_SEARCH_USER_PATHS = NO;
				CLANG_CXX_LANGUAGE_STANDARD = "gnu++0x";
				CLANG_CXX_LIBRARY = "libc++";
				CLANG_ENABLE_MODULES = YES;
				CLANG_ENABLE_OBJC_ARC = YES;
				CLANG_WARN_BOOL_CONVERSION = YES;
				CLANG_WARN_CONSTANT_CONVERSION = YES;
				CLANG_WARN_DIRECT_OBJC_ISA_USAGE = YES_ERROR;
				CLANG_WARN_EMPTY_BODY = YES;
				CLANG_WARN_ENUM_CONVERSION = YES;
				CLANG_WARN_INT_CONVERSION = YES;
				CLANG_WARN_OBJC_ROOT_CLASS = YES_ERROR;
				CLANG_WARN_UNREACHABLE_CODE = YES;
				CLANG_WARN__DUPLICATE_METHOD_MATCH = YES;
				"CODE_SIGN_IDENTITY[sdk=iphoneos*]" = "iPhone Developer";
				COPY_PHASE_STRIP = NO;
				DEBUG_INFORMATION_FORMAT = dwarf;
				ENABLE_STRICT_OBJC_MSGSEND = YES;
				ENABLE_TESTABILITY = YES;
				GCC_C_LANGUAGE_STANDARD = gnu99;
				GCC_DYNAMIC_NO_PIC = NO;
				GCC_NO_COMMON_BLOCKS = YES;
				GCC_OPTIMIZATION_LEVEL = 0;
				GCC_PREPROCESSOR_DEFINITIONS = (
					"DEBUG=1",
					"$(inherited)",
				);
				GCC_WARN_64_TO_32_BIT_CONVERSION = YES;
				GCC_WARN_ABOUT_RETURN_TYPE = YES_ERROR;
				GCC_WARN_UNDECLARED_SELECTOR = YES;
				GCC_WARN_UNINITIALIZED_AUTOS = YES_AGGRESSIVE;
				GCC_WARN_UNUSED_FUNCTION = YES;
				GCC_WARN_UNUSED_VARIABLE = YES;
				IPHONEOS_DEPLOYMENT_TARGET = 9.2;
				MTL_ENABLE_DEBUG_INFO = YES;
				ONLY_ACTIVE_ARCH = YES;
				SDKROOT = iphoneos;
				SWIFT_OPTIMIZATION_LEVEL = "-Onone";
				TARGETED_DEVICE_FAMILY = "1,2";
			};
			name = Debug;
		};
		33E366121C384B6A00D07983 /* Release */ = {
			isa = XCBuildConfiguration;
			buildSettings = {
				ALWAYS_SEARCH_USER_PATHS = NO;
				CLANG_CXX_LANGUAGE_STANDARD = "gnu++0x";
				CLANG_CXX_LIBRARY = "libc++";
				CLANG_ENABLE_MODULES = YES;
				CLANG_ENABLE_OBJC_ARC = YES;
				CLANG_WARN_BOOL_CONVERSION = YES;
				CLANG_WARN_CONSTANT_CONVERSION = YES;
				CLANG_WARN_DIRECT_OBJC_ISA_USAGE = YES_ERROR;
				CLANG_WARN_EMPTY_BODY = YES;
				CLANG_WARN_ENUM_CONVERSION = YES;
				CLANG_WARN_INT_CONVERSION = YES;
				CLANG_WARN_OBJC_ROOT_CLASS = YES_ERROR;
				CLANG_WARN_UNREACHABLE_CODE = YES;
				CLANG_WARN__DUPLICATE_METHOD_MATCH = YES;
				"CODE_SIGN_IDENTITY[sdk=iphoneos*]" = "iPhone Developer";
				COPY_PHASE_STRIP = NO;
				DEBUG_INFORMATION_FORMAT = "dwarf-with-dsym";
				ENABLE_NS_ASSERTIONS = NO;
				ENABLE_STRICT_OBJC_MSGSEND = YES;
				GCC_C_LANGUAGE_STANDARD = gnu99;
				GCC_NO_COMMON_BLOCKS = YES;
				GCC_WARN_64_TO_32_BIT_CONVERSION = YES;
				GCC_WARN_ABOUT_RETURN_TYPE = YES_ERROR;
				GCC_WARN_UNDECLARED_SELECTOR = YES;
				GCC_WARN_UNINITIALIZED_AUTOS = YES_AGGRESSIVE;
				GCC_WARN_UNUSED_FUNCTION = YES;
				GCC_WARN_UNUSED_VARIABLE = YES;
				IPHONEOS_DEPLOYMENT_TARGET = 9.2;
				MTL_ENABLE_DEBUG_INFO = NO;
				SDKROOT = iphoneos;
				TARGETED_DEVICE_FAMILY = "1,2";
				VALIDATE_PRODUCT = YES;
			};
			name = Release;
		};
		33E366141C384B6A00D07983 /* Debug */ = {
			isa = XCBuildConfiguration;
			buildSettings = {
				ASSETCATALOG_COMPILER_APPICON_NAME = AppIcon;
				INFOPLIST_FILE = "Retro-Calculator/Info.plist";
				LD_RUNPATH_SEARCH_PATHS = "$(inherited) @executable_path/Frameworks";
				PRODUCT_BUNDLE_IDENTIFIER = "com.jens.Retro-Calculator";
				PRODUCT_NAME = "$(TARGET_NAME)";
			};
			name = Debug;
		};
		33E366151C384B6A00D07983 /* Release */ = {
			isa = XCBuildConfiguration;
			buildSettings = {
				ASSETCATALOG_COMPILER_APPICON_NAME = AppIcon;
				INFOPLIST_FILE = "Retro-Calculator/Info.plist";
				LD_RUNPATH_SEARCH_PATHS = "$(inherited) @executable_path/Frameworks";
				PRODUCT_BUNDLE_IDENTIFIER = "com.jens.Retro-Calculator";
				PRODUCT_NAME = "$(TARGET_NAME)";
			};
			name = Release;
		};
/* End XCBuildConfiguration section */

/* Begin XCConfigurationList section */
		33E365FC1C384B6A00D07983 /* Build configuration list for PBXProject "Retro-Calculator" */ = {
			isa = XCConfigurationList;
			buildConfigurations = (
				33E366111C384B6A00D07983 /* Debug */,
				33E366121C384B6A00D07983 /* Release */,
			);
			defaultConfigurationIsVisible = 0;
			defaultConfigurationName = Release;
		};
		33E366131C384B6A00D07983 /* Build configuration list for PBXNativeTarget "Retro-Calculator" */ = {
			isa = XCConfigurationList;
			buildConfigurations = (
				33E366141C384B6A00D07983 /* Debug */,
				33E366151C384B6A00D07983 /* Release */,
			);
			defaultConfigurationIsVisible = 0;
			defaultConfigurationName = Release;
		};
/* End XCConfigurationList section */
	};
	rootObject = 33E365F91C384B6A00D07983 /* Project object */;
}
